
Microsoft Visual Studio Solution File, Format Version 12.00
# Visual Studio Version 17
VisualStudioVersion = 17.8.0.0
MinimumVisualStudioVersion = 17.8.0.0
Project("{9A19103F-16F7-4668-BE54-9A1E7A4F7556}") = "Oragon.AdaptivePool.RabbitMQ.Sample.LiveDashboard.AppHost", "Oragon.AdaptivePool.RabbitMQ.Sample.LiveDashboard.AppHost\Oragon.AdaptivePool.RabbitMQ.Sample.LiveDashboard.AppHost.csproj", "{E2932EC1-2800-4606-94F6-479027832562}"
EndProject
Project("{9A19103F-16F7-4668-BE54-9A1E7A4F7556}") = "Oragon.AdaptivePool.RabbitMQ.Sample.LiveDashboard.ServiceDefaults", "Oragon.AdaptivePool.RabbitMQ.Sample.LiveDashboard.ServiceDefaults\Oragon.AdaptivePool.RabbitMQ.Sample.LiveDashboard.ServiceDefaults.csproj", "{B5720EC5-6752-49B8-8802-C51B03307880}"
EndProject
Project("{FAE04EC0-301F-11D3-BF4B-00C04F79EFBC}") = "Oragon.AdaptivePool.RabbitMQ.Sample.LiveDashboard.Web", "Oragon.AdaptivePool.RabbitMQ.Sample.LiveDashboard.Web\Oragon.AdaptivePool.RabbitMQ.Sample.LiveDashboard.Web.csproj", "{CCE1B8D4-93A8-4FAE-9537-92C419592829}"
EndProject
Project("{FAE04EC0-301F-11D3-BF4B-00C04F79EFBC}") = "Oragon.AdaptivePool.Core", "..\..\src\Oragon.AdaptivePool.Core\Oragon.AdaptivePool.Core.csproj", "{ACDCCF16-679F-49E7-928F-7E24753676E6}"
EndProject
Project("{FAE04EC0-301F-11D3-BF4B-00C04F79EFBC}") = "Oragon.AdaptivePool.RabbitMQ", "..\..\src\Oragon.AdaptivePool.RabbitMQ\Oragon.AdaptivePool.RabbitMQ.csproj", "{38B4B37E-F809-4A34-818F-085296E02307}"
EndProject
Global
	GlobalSection(SolutionConfigurationPlatforms) = preSolution
		Debug|Any CPU = Debug|Any CPU
		Debug|x64 = Debug|x64
		Debug|x86 = Debug|x86
		Release|Any CPU = Release|Any CPU
		Release|x64 = Release|x64
		Release|x86 = Release|x86
	EndGlobalSection
	GlobalSection(ProjectConfigurationPlatforms) = postSolution
		{E2932EC1-2800-4606-94F6-479027832562}.Debug|Any CPU.ActiveCfg = Debug|Any CPU
		{E2932EC1-2800-4606-94F6-479027832562}.Debug|Any CPU.Build.0 = Debug|Any CPU
		{E2932EC1-2800-4606-94F6-479027832562}.Debug|x64.ActiveCfg = Debug|Any CPU
		{E2932EC1-2800-4606-94F6-479027832562}.Debug|x64.Build.0 = Debug|Any CPU
		{E2932EC1-2800-4606-94F6-479027832562}.Debug|x86.ActiveCfg = Debug|Any CPU
		{E2932EC1-2800-4606-94F6-479027832562}.Debug|x86.Build.0 = Debug|Any CPU
		{E2932EC1-2800-4606-94F6-479027832562}.Release|Any CPU.ActiveCfg = Release|Any CPU
		{E2932EC1-2800-4606-94F6-479027832562}.Release|Any CPU.Build.0 = Release|Any CPU
		{E2932EC1-2800-4606-94F6-479027832562}.Release|x64.ActiveCfg = Release|Any CPU
		{E2932EC1-2800-4606-94F6-479027832562}.Release|x64.Build.0 = Release|Any CPU
		{E2932EC1-2800-4606-94F6-479027832562}.Release|x86.ActiveCfg = Release|Any CPU
		{E2932EC1-2800-4606-94F6-479027832562}.Release|x86.Build.0 = Release|Any CPU
		{B5720EC5-6752-49B8-8802-C51B03307880}.Debug|Any CPU.ActiveCfg = Debug|Any CPU
		{B5720EC5-6752-49B8-8802-C51B03307880}.Debug|Any CPU.Build.0 = Debug|Any CPU
		{B5720EC5-6752-49B8-8802-C51B03307880}.Debug|x64.ActiveCfg = Debug|Any CPU
		{B5720EC5-6752-49B8-8802-C51B03307880}.Debug|x64.Build.0 = Debug|Any CPU
		{B5720EC5-6752-49B8-8802-C51B03307880}.Debug|x86.ActiveCfg = Debug|Any CPU
		{B5720EC5-6752-49B8-8802-C51B03307880}.Debug|x86.Build.0 = Debug|Any CPU
		{B5720EC5-6752-49B8-8802-C51B03307880}.Release|Any CPU.ActiveCfg = Release|Any CPU
		{B5720EC5-6752-49B8-8802-C51B03307880}.Release|Any CPU.Build.0 = Release|Any CPU
		{B5720EC5-6752-49B8-8802-C51B03307880}.Release|x64.ActiveCfg = Release|Any CPU
		{B5720EC5-6752-49B8-8802-C51B03307880}.Release|x64.Build.0 = Release|Any CPU
		{B5720EC5-6752-49B8-8802-C51B03307880}.Release|x86.ActiveCfg = Release|Any CPU
		{B5720EC5-6752-49B8-8802-C51B03307880}.Release|x86.Build.0 = Release|Any CPU
		{CCE1B8D4-93A8-4FAE-9537-92C419592829}.Debug|Any CPU.ActiveCfg = Debug|Any CPU
		{CCE1B8D4-93A8-4FAE-9537-92C419592829}.Debug|Any CPU.Build.0 = Debug|Any CPU
		{CCE1B8D4-93A8-4FAE-9537-92C419592829}.Debug|x64.ActiveCfg = Debug|Any CPU
		{CCE1B8D4-93A8-4FAE-9537-92C419592829}.Debug|x64.Build.0 = Debug|Any CPU
		{CCE1B8D4-93A8-4FAE-9537-92C419592829}.Debug|x86.ActiveCfg = Debug|Any CPU
		{CCE1B8D4-93A8-4FAE-9537-92C419592829}.Debug|x86.Build.0 = Debug|Any CPU
		{CCE1B8D4-93A8-4FAE-9537-92C419592829}.Release|Any CPU.ActiveCfg = Release|Any CPU
		{CCE1B8D4-93A8-4FAE-9537-92C419592829}.Release|Any CPU.Build.0 = Release|Any CPU
		{CCE1B8D4-93A8-4FAE-9537-92C419592829}.Release|x64.ActiveCfg = Release|Any CPU
		{CCE1B8D4-93A8-4FAE-9537-92C419592829}.Release|x64.Build.0 = Release|Any CPU
		{CCE1B8D4-93A8-4FAE-9537-92C419592829}.Release|x86.ActiveCfg = Release|Any CPU
		{CCE1B8D4-93A8-4FAE-9537-92C419592829}.Release|x86.Build.0 = Release|Any CPU
		{ACDCCF16-679F-49E7-928F-7E24753676E6}.Debug|Any CPU.ActiveCfg = Debug|Any CPU
		{ACDCCF16-679F-49E7-928F-7E24753676E6}.Debug|Any CPU.Build.0 = Debug|Any CPU
		{ACDCCF16-679F-49E7-928F-7E24753676E6}.Debug|x64.ActiveCfg = Debug|Any CPU
		{ACDCCF16-679F-49E7-928F-7E24753676E6}.Debug|x64.Build.0 = Debug|Any CPU
		{ACDCCF16-679F-49E7-928F-7E24753676E6}.Debug|x86.ActiveCfg = Debug|Any CPU
		{ACDCCF16-679F-49E7-928F-7E24753676E6}.Debug|x86.Build.0 = Debug|Any CPU
		{ACDCCF16-679F-49E7-928F-7E24753676E6}.Release|Any CPU.ActiveCfg = Release|Any CPU
		{ACDCCF16-679F-49E7-928F-7E24753676E6}.Release|Any CPU.Build.0 = Release|Any CPU
		{ACDCCF16-679F-49E7-928F-7E24753676E6}.Release|x64.ActiveCfg = Release|Any CPU
		{ACDCCF16-679F-49E7-928F-7E24753676E6}.Release|x64.Build.0 = Release|Any CPU
		{ACDCCF16-679F-49E7-928F-7E24753676E6}.Release|x86.ActiveCfg = Release|Any CPU
		{ACDCCF16-679F-49E7-928F-7E24753676E6}.Release|x86.Build.0 = Release|Any CPU
		{38B4B37E-F809-4A34-818F-085296E02307}.Debug|Any CPU.ActiveCfg = Debug|Any CPU
		{38B4B37E-F809-4A34-818F-085296E02307}.Debug|Any CPU.Build.0 = Debug|Any CPU
		{38B4B37E-F809-4A34-818F-085296E02307}.Debug|x64.ActiveCfg = Debug|Any CPU
		{38B4B37E-F809-4A34-818F-085296E02307}.Debug|x64.Build.0 = Debug|Any CPU
		{38B4B37E-F809-4A34-818F-085296E02307}.Debug|x86.ActiveCfg = Debug|Any CPU
		{38B4B37E-F809-4A34-818F-085296E02307}.Debug|x86.Build.0 = Debug|Any CPU
		{38B4B37E-F809-4A34-818F-085296E02307}.Release|Any CPU.ActiveCfg = Release|Any CPU
		{38B4B37E-F809-4A34-818F-085296E02307}.Release|Any CPU.Build.0 = Release|Any CPU
		{38B4B37E-F809-4A34-818F-085296E02307}.Release|x64.ActiveCfg = Release|Any CPU
		{38B4B37E-F809-4A34-818F-085296E02307}.Release|x64.Build.0 = Release|Any CPU
		{38B4B37E-F809-4A34-818F-085296E02307}.Release|x86.ActiveCfg = Release|Any CPU
		{38B4B37E-F809-4A34-818F-085296E02307}.Release|x86.Build.0 = Release|Any CPU
	EndGlobalSection
	GlobalSection(SolutionProperties) = preSolution
		HideSolutionNode = FALSE
	EndGlobalSection
	GlobalSection(ExtensibilityGlobals) = postSolution
		SolutionGuid = {520F11AC-E412-46EF-80C3-33C861271B2A}
	EndGlobalSection
EndGlobal
