
Microsoft Visual Studio Solution File, Format Version 12.00
# Visual Studio Version 17
VisualStudioVersion = 17.0.31903.59
MinimumVisualStudioVersion = 10.0.40219.1
Project("{2150E333-8FDC-42A3-9474-1A3956D46DE8}") = "src", "src", "{827E0CD3-B72D-47B6-A68D-7590B98EB39B}"
EndProject
Project("{FAE04EC0-301F-11D3-BF4B-00C04F79EFBC}") = "Oragon.AdaptivePool.Core", "src\Oragon.AdaptivePool.Core\Oragon.AdaptivePool.Core.csproj", "{F8DF2D93-C2AC-429E-BC4E-6745DD83D242}"
EndProject
Project("{2150E333-8FDC-42A3-9474-1A3956D46DE8}") = "tests", "tests", "{0AB3BF05-4346-4AA6-1389-037BE0695223}"
EndProject
Project("{FAE04EC0-301F-11D3-BF4B-00C04F79EFBC}") = "Oragon.AdaptivePool.Core.Tests", "tests\Oragon.AdaptivePool.Core.Tests\Oragon.AdaptivePool.Core.Tests.csproj", "{3740A012-FD6B-4862-B2A0-81C9FA126A2C}"
EndProject
Project("{FAE04EC0-301F-11D3-BF4B-00C04F79EFBC}") = "Oragon.AdaptivePool.Core.Stress", "tests\Oragon.AdaptivePool.Core.Stress\Oragon.AdaptivePool.Core.Stress.csproj", "{86B5E714-6EDB-4370-959C-1F5D91741F0C}"
EndProject
Global
	GlobalSection(SolutionConfigurationPlatforms) = preSolution
		Debug|Any CPU = Debug|Any CPU
		Debug|x64 = Debug|x64
		Debug|x86 = Debug|x86
		Release|Any CPU = Release|Any CPU
		Release|x64 = Release|x64
		Release|x86 = Release|x86
	EndGlobalSection
	GlobalSection(ProjectConfigurationPlatforms) = postSolution
		{F8DF2D93-C2AC-429E-BC4E-6745DD83D242}.Debug|Any CPU.ActiveCfg = Debug|Any CPU
		{F8DF2D93-C2AC-429E-BC4E-6745DD83D242}.Debug|Any CPU.Build.0 = Debug|Any CPU
		{F8DF2D93-C2AC-429E-BC4E-6745DD83D242}.Debug|x64.ActiveCfg = Debug|Any CPU
		{F8DF2D93-C2AC-429E-BC4E-6745DD83D242}.Debug|x64.Build.0 = Debug|Any CPU
		{F8DF2D93-C2AC-429E-BC4E-6745DD83D242}.Debug|x86.ActiveCfg = Debug|Any CPU
		{F8DF2D93-C2AC-429E-BC4E-6745DD83D242}.Debug|x86.Build.0 = Debug|Any CPU
		{F8DF2D93-C2AC-429E-BC4E-6745DD83D242}.Release|Any CPU.ActiveCfg = Release|Any CPU
		{F8DF2D93-C2AC-429E-BC4E-6745DD83D242}.Release|Any CPU.Build.0 = Release|Any CPU
		{F8DF2D93-C2AC-429E-BC4E-6745DD83D242}.Release|x64.ActiveCfg = Release|Any CPU
		{F8DF2D93-C2AC-429E-BC4E-6745DD83D242}.Release|x64.Build.0 = Release|Any CPU
		{F8DF2D93-C2AC-429E-BC4E-6745DD83D242}.Release|x86.ActiveCfg = Release|Any CPU
		{F8DF2D93-C2AC-429E-BC4E-6745DD83D242}.Release|x86.Build.0 = Release|Any CPU
		{3740A012-FD6B-4862-B2A0-81C9FA126A2C}.Debug|Any CPU.ActiveCfg = Debug|Any CPU
		{3740A012-FD6B-4862-B2A0-81C9FA126A2C}.Debug|Any CPU.Build.0 = Debug|Any CPU
		{3740A012-FD6B-4862-B2A0-81C9FA126A2C}.Debug|x64.ActiveCfg = Debug|Any CPU
		{3740A012-FD6B-4862-B2A0-81C9FA126A2C}.Debug|x64.Build.0 = Debug|Any CPU
		{3740A012-FD6B-4862-B2A0-81C9FA126A2C}.Debug|x86.ActiveCfg = Debug|Any CPU
		{3740A012-FD6B-4862-B2A0-81C9FA126A2C}.Debug|x86.Build.0 = Debug|Any CPU
		{3740A012-FD6B-4862-B2A0-81C9FA126A2C}.Release|Any CPU.ActiveCfg = Release|Any CPU
		{3740A012-FD6B-4862-B2A0-81C9FA126A2C}.Release|Any CPU.Build.0 = Release|Any CPU
		{3740A012-FD6B-4862-B2A0-81C9FA126A2C}.Release|x64.ActiveCfg = Release|Any CPU
		{3740A012-FD6B-4862-B2A0-81C9FA126A2C}.Release|x64.Build.0 = Release|Any CPU
		{3740A012-FD6B-4862-B2A0-81C9FA126A2C}.Release|x86.ActiveCfg = Release|Any CPU
		{3740A012-FD6B-4862-B2A0-81C9FA126A2C}.Release|x86.Build.0 = Release|Any CPU
		{86B5E714-6EDB-4370-959C-1F5D91741F0C}.Debug|Any CPU.ActiveCfg = Debug|Any CPU
		{86B5E714-6EDB-4370-959C-1F5D91741F0C}.Debug|Any CPU.Build.0 = Debug|Any CPU
		{86B5E714-6EDB-4370-959C-1F5D91741F0C}.Debug|x64.ActiveCfg = Debug|Any CPU
		{86B5E714-6EDB-4370-959C-1F5D91741F0C}.Debug|x64.Build.0 = Debug|Any CPU
		{86B5E714-6EDB-4370-959C-1F5D91741F0C}.Debug|x86.ActiveCfg = Debug|Any CPU
		{86B5E714-6EDB-4370-959C-1F5D91741F0C}.Debug|x86.Build.0 = Debug|Any CPU
		{86B5E714-6EDB-4370-959C-1F5D91741F0C}.Release|Any CPU.ActiveCfg = Release|Any CPU
		{86B5E714-6EDB-4370-959C-1F5D91741F0C}.Release|Any CPU.Build.0 = Release|Any CPU
		{86B5E714-6EDB-4370-959C-1F5D91741F0C}.Release|x64.ActiveCfg = Release|Any CPU
		{86B5E714-6EDB-4370-959C-1F5D91741F0C}.Release|x64.Build.0 = Release|Any CPU
		{86B5E714-6EDB-4370-959C-1F5D91741F0C}.Release|x86.ActiveCfg = Release|Any CPU
		{86B5E714-6EDB-4370-959C-1F5D91741F0C}.Release|x86.Build.0 = Release|Any CPU
	EndGlobalSection
	GlobalSection(SolutionProperties) = preSolution
		HideSolutionNode = FALSE
	EndGlobalSection
	GlobalSection(NestedProjects) = preSolution
		{F8DF2D93-C2AC-429E-BC4E-6745DD83D242} = {827E0CD3-B72D-47B6-A68D-7590B98EB39B}
		{3740A012-FD6B-4862-B2A0-81C9FA126A2C} = {0AB3BF05-4346-4AA6-1389-037BE0695223}
		{86B5E714-6EDB-4370-959C-1F5D91741F0C} = {0AB3BF05-4346-4AA6-1389-037BE0695223}
	EndGlobalSection
EndGlobal
