<Solution>
  <Configurations>
    <Platform Name="Any CPU" />
    <Platform Name="x64" />
    <Platform Name="x86" />
  </Configurations>
  <Folder Name="/samples/">
    <Project Path="samples/Oragon.ElasticPool.RabbitMQ.Sample.BurstyPublisher/Oragon.ElasticPool.RabbitMQ.Sample.BurstyPublisher.csproj" />
  </Folder>
  <Folder Name="/src/">
    <Project Path="src/Oragon.ElasticPool/Oragon.ElasticPool.csproj" />
    <Project Path="src/Oragon.ElasticPool.RabbitMQ/Oragon.ElasticPool.RabbitMQ.csproj" />
  </Folder>
  <Folder Name="/tests/">
    <Project Path="tests/Oragon.ElasticPool.Benchmarks/Oragon.ElasticPool.Benchmarks.csproj" />
    <Project Path="tests/Oragon.ElasticPool.Stress/Oragon.ElasticPool.Stress.csproj" />
    <Project Path="tests/Oragon.ElasticPool.Tests/Oragon.ElasticPool.Tests.csproj" />
    <Project Path="tests/Oragon.ElasticPool.RabbitMQ.IntegrationTests/Oragon.ElasticPool.RabbitMQ.IntegrationTests.csproj" />
    <Project Path="tests/Oragon.ElasticPool.RabbitMQ.Tests/Oragon.ElasticPool.RabbitMQ.Tests.csproj" />
  </Folder>
</Solution>
